
Microsoft Visual Studio Solution File, Format Version 12.00
# Visual Studio Version 16
VisualStudioVersion = 16.0.30114.105
MinimumVisualStudioVersion = 10.0.40219.1
Project("{FAE04EC0-301F-11D3-BF4B-00C04F79EFBC}") = "MefTraining", "MefTraining\MefTraining.csproj", "{FB078702-DA9E-4EC1-A968-A61DA44AD30D}"
EndProject
Global
	GlobalSection(SolutionConfigurationPlatforms) = preSolution
		Debug|Any CPU = Debug|Any CPU
		Release|Any CPU = Release|Any CPU
	EndGlobalSection
	GlobalSection(ProjectConfigurationPlatforms) = postSolution
		{FB078702-DA9E-4EC1-A968-A61DA44AD30D}.Debug|Any CPU.ActiveCfg = Debug|Any CPU
		{FB078702-DA9E-4EC1-A968-A61DA44AD30D}.Debug|Any CPU.Build.0 = Debug|Any CPU
		{FB078702-DA9E-4EC1-A968-A61DA44AD30D}.Release|Any CPU.ActiveCfg = Release|Any CPU
		{FB078702-DA9E-4EC1-A968-A61DA44AD30D}.Release|Any CPU.Build.0 = Release|Any CPU
	EndGlobalSection
	GlobalSection(SolutionProperties) = preSolution
		HideSolutionNode = FALSE
	EndGlobalSection
	GlobalSection(ExtensibilityGlobals) = postSolution
		SolutionGuid = {705A604A-E3EE-44D0-9501-921D83E11030}
	EndGlobalSection
EndGlobal
